# This file is automatically @generated by Cargo.
# It is not intended for manual editing.
[[package]]
name = "amazons"
version = "0.1.0"
dependencies = [
 "bv 0.11.0 (registry+https://github.com/rust-lang/crates.io-index)",
]

[[package]]
name = "bv"
version = "0.11.0"
source = "registry+https://github.com/rust-lang/crates.io-index"
dependencies = [
 "feature-probe 0.1.1 (registry+https://github.com/rust-lang/crates.io-index)",
]

[[package]]
name = "feature-probe"
version = "0.1.1"
source = "registry+https://github.com/rust-lang/crates.io-index"

[metadata]
"checksum bv 0.11.0 (registry+https://github.com/rust-lang/crates.io-index)" = "6cd4ae9e585e783756cd14b0ea21863acdfbb6383664ac2f7c9ef8d180a14727"
"checksum feature-probe 0.1.1 (registry+https://github.com/rust-lang/crates.io-index)" = "835a3dc7d1ec9e75e2b5fb4ba75396837112d2060b03f7d43bc1897c7f7211da"
